
Microsoft Visual Studio Solution File, Format Version 12.00
# Visual Studio Version 17
VisualStudioVersion = 17.13.35828.75 d17.13
MinimumVisualStudioVersion = 10.0.40219.1
Project("{FAE04EC0-301F-11D3-BF4B-00C04F79EFBC}") = "AmortizationCalculator", "AmortizationCalculator.csproj", "{2867A694-56C3-4010-95FE-827F32AB3032}"
EndProject
Global
	GlobalSection(SolutionConfigurationPlatforms) = preSolution
		Debug|Any CPU = Debug|Any CPU
		Release|Any CPU = Release|Any CPU
	EndGlobalSection
	GlobalSection(ProjectConfigurationPlatforms) = postSolution
		{2867A694-56C3-4010-95FE-827F32AB3032}.Debug|Any CPU.ActiveCfg = Debug|Any CPU
		{2867A694-56C3-4010-95FE-827F32AB3032}.Debug|Any CPU.Build.0 = Debug|Any CPU
		{2867A694-56C3-4010-95FE-827F32AB3032}.Release|Any CPU.ActiveCfg = Release|Any CPU
		{2867A694-56C3-4010-95FE-827F32AB3032}.Release|Any CPU.Build.0 = Release|Any CPU
	EndGlobalSection
	GlobalSection(SolutionProperties) = preSolution
		HideSolutionNode = FALSE
	EndGlobalSection
	GlobalSection(ExtensibilityGlobals) = postSolution
		SolutionGuid = {E202329F-AB7A-437D-9A1B-1667940E3265}
	EndGlobalSection
EndGlobal
